
Microsoft Visual Studio Solution File, Format Version 12.00
# Visual Studio Version 16
VisualStudioVersion = 16.0.29728.190
MinimumVisualStudioVersion = 10.0.40219.1
Project("{FAE04EC0-301F-11D3-BF4B-00C04F79EFBC}") = "Sistema-de-Control-de-Empleados_(SCE)", "Sistema-de-Control-de-Empleados_(SCE)\Sistema-de-Control-de-Empleados_(SCE).csproj", "{2BD33ABA-C72C-4390-B82E-F72317DF8C9F}"
EndProject
Global
	GlobalSection(SolutionConfigurationPlatforms) = preSolution
		Debug|Any CPU = Debug|Any CPU
		Release|Any CPU = Release|Any CPU
	EndGlobalSection
	GlobalSection(ProjectConfigurationPlatforms) = postSolution
		{2BD33ABA-C72C-4390-B82E-F72317DF8C9F}.Debug|Any CPU.ActiveCfg = Debug|Any CPU
		{2BD33ABA-C72C-4390-B82E-F72317DF8C9F}.Debug|Any CPU.Build.0 = Debug|Any CPU
		{2BD33ABA-C72C-4390-B82E-F72317DF8C9F}.Release|Any CPU.ActiveCfg = Release|Any CPU
		{2BD33ABA-C72C-4390-B82E-F72317DF8C9F}.Release|Any CPU.Build.0 = Release|Any CPU
	EndGlobalSection
	GlobalSection(SolutionProperties) = preSolution
		HideSolutionNode = FALSE
	EndGlobalSection
	GlobalSection(ExtensibilityGlobals) = postSolution
		SolutionGuid = {B30B022C-4A6F-46DD-9E6D-8322FC2CBA28}
	EndGlobalSection
EndGlobal
